
Microsoft Visual Studio Solution File, Format Version 12.00
# Visual Studio Version 17
VisualStudioVersion = 17.3.32825.248
MinimumVisualStudioVersion = 10.0.40219.1
Project("{9A19103F-16F7-4668-BE54-9A1E7A4F7556}") = "ChM_LR6", "ChM_LR6.csproj", "{9F49D203-FDB1-454A-AC26-6E19FC16E347}"
EndProject
Global
	GlobalSection(SolutionConfigurationPlatforms) = preSolution
		Debug|Any CPU = Debug|Any CPU
		Release|Any CPU = Release|Any CPU
	EndGlobalSection
	GlobalSection(ProjectConfigurationPlatforms) = postSolution
		{9F49D203-FDB1-454A-AC26-6E19FC16E347}.Debug|Any CPU.ActiveCfg = Debug|Any CPU
		{9F49D203-FDB1-454A-AC26-6E19FC16E347}.Debug|Any CPU.Build.0 = Debug|Any CPU
		{9F49D203-FDB1-454A-AC26-6E19FC16E347}.Release|Any CPU.ActiveCfg = Release|Any CPU
		{9F49D203-FDB1-454A-AC26-6E19FC16E347}.Release|Any CPU.Build.0 = Release|Any CPU
	EndGlobalSection
	GlobalSection(SolutionProperties) = preSolution
		HideSolutionNode = FALSE
	EndGlobalSection
	GlobalSection(ExtensibilityGlobals) = postSolution
		SolutionGuid = {96A2D115-DEC5-41F9-88E5-3699F202A6D9}
	EndGlobalSection
EndGlobal
